
Microsoft Visual Studio Solution File, Format Version 12.00
# Visual Studio Version 16
VisualStudioVersion = 16.0.31321.278
MinimumVisualStudioVersion = 10.0.40219.1
Project("{9A19103F-16F7-4668-BE54-9A1E7A4F7556}") = "Contact Tracing Form Reader Req", "Contact Tracing From Reader Req\Contact Tracing Form Reader Req.csproj", "{C5DF9EA7-835D-4C14-87DB-5E09DA343CA1}"
EndProject
Global
	GlobalSection(SolutionConfigurationPlatforms) = preSolution
		Debug|Any CPU = Debug|Any CPU
		Release|Any CPU = Release|Any CPU
	EndGlobalSection
	GlobalSection(ProjectConfigurationPlatforms) = postSolution
		{C5DF9EA7-835D-4C14-87DB-5E09DA343CA1}.Debug|Any CPU.ActiveCfg = Debug|Any CPU
		{C5DF9EA7-835D-4C14-87DB-5E09DA343CA1}.Debug|Any CPU.Build.0 = Debug|Any CPU
		{C5DF9EA7-835D-4C14-87DB-5E09DA343CA1}.Release|Any CPU.ActiveCfg = Release|Any CPU
		{C5DF9EA7-835D-4C14-87DB-5E09DA343CA1}.Release|Any CPU.Build.0 = Release|Any CPU
	EndGlobalSection
	GlobalSection(SolutionProperties) = preSolution
		HideSolutionNode = FALSE
	EndGlobalSection
	GlobalSection(ExtensibilityGlobals) = postSolution
		SolutionGuid = {2AB54801-6A11-47A6-B59D-5877ECD73E1E}
	EndGlobalSection
EndGlobal
